
Microsoft Visual Studio Solution File, Format Version 12.00
# Visual Studio Version 17
VisualStudioVersion = 17.0.31903.59
MinimumVisualStudioVersion = 10.0.40219.1
Project("{FAE04EC0-301F-11D3-BF4B-00C04F79EFBC}") = "SadBot.Client", "SadBot.Client\SadBot.Client.csproj", "{D4F80C33-9B24-45D4-8C03-BD99ADB05EED}"
EndProject
Global
	GlobalSection(SolutionConfigurationPlatforms) = preSolution
		Debug|Any CPU = Debug|Any CPU
		Release|Any CPU = Release|Any CPU
	EndGlobalSection
	GlobalSection(SolutionProperties) = preSolution
		HideSolutionNode = FALSE
	EndGlobalSection
	GlobalSection(ProjectConfigurationPlatforms) = postSolution
		{D4F80C33-9B24-45D4-8C03-BD99ADB05EED}.Debug|Any CPU.ActiveCfg = Debug|Any CPU
		{D4F80C33-9B24-45D4-8C03-BD99ADB05EED}.Debug|Any CPU.Build.0 = Debug|Any CPU
		{D4F80C33-9B24-45D4-8C03-BD99ADB05EED}.Release|Any CPU.ActiveCfg = Release|Any CPU
		{D4F80C33-9B24-45D4-8C03-BD99ADB05EED}.Release|Any CPU.Build.0 = Release|Any CPU
	EndGlobalSection
EndGlobal
